
Microsoft Visual Studio Solution File, Format Version 12.00
# Visual Studio 15
VisualStudioVersion = 15.0.27428.2037
MinimumVisualStudioVersion = 10.0.40219.1
Project("{FAE04EC0-301F-11D3-BF4B-00C04F79EFBC}") = "BAQExecute_DLL", "BAQExecute\BAQExecute_DLL.csproj", "{EB20304F-3B97-4D4C-89AD-99BEFC56C88E}"
EndProject
Project("{FAE04EC0-301F-11D3-BF4B-00C04F79EFBC}") = "BAQExecute_WCF", "BAQExecute_WCF\BAQExecute_WCF.csproj", "{E5CACAF0-397C-44F7-8A31-2C636938BBE5}"
EndProject
Project("{FAE04EC0-301F-11D3-BF4B-00C04F79EFBC}") = "BAQExecute_REST", "BAQExecute_REST\BAQExecute_REST.csproj", "{451098F3-F2C7-4ADE-9614-E3A83A238CDC}"
EndProject
Project("{FAE04EC0-301F-11D3-BF4B-00C04F79EFBC}") = "BAQExport_REST", "BAQExport_REST\BAQExport_REST.csproj", "{A8A83AF1-9B3E-4069-A405-F2887499A4DF}"
EndProject
Global
	GlobalSection(SolutionConfigurationPlatforms) = preSolution
		Debug|Any CPU = Debug|Any CPU
		Release|Any CPU = Release|Any CPU
	EndGlobalSection
	GlobalSection(ProjectConfigurationPlatforms) = postSolution
		{EB20304F-3B97-4D4C-89AD-99BEFC56C88E}.Debug|Any CPU.ActiveCfg = Debug|Any CPU
		{EB20304F-3B97-4D4C-89AD-99BEFC56C88E}.Debug|Any CPU.Build.0 = Debug|Any CPU
		{EB20304F-3B97-4D4C-89AD-99BEFC56C88E}.Release|Any CPU.ActiveCfg = Release|Any CPU
		{EB20304F-3B97-4D4C-89AD-99BEFC56C88E}.Release|Any CPU.Build.0 = Release|Any CPU
		{E5CACAF0-397C-44F7-8A31-2C636938BBE5}.Debug|Any CPU.ActiveCfg = Debug|Any CPU
		{E5CACAF0-397C-44F7-8A31-2C636938BBE5}.Debug|Any CPU.Build.0 = Debug|Any CPU
		{E5CACAF0-397C-44F7-8A31-2C636938BBE5}.Release|Any CPU.ActiveCfg = Release|Any CPU
		{E5CACAF0-397C-44F7-8A31-2C636938BBE5}.Release|Any CPU.Build.0 = Release|Any CPU
		{451098F3-F2C7-4ADE-9614-E3A83A238CDC}.Debug|Any CPU.ActiveCfg = Debug|Any CPU
		{451098F3-F2C7-4ADE-9614-E3A83A238CDC}.Debug|Any CPU.Build.0 = Debug|Any CPU
		{451098F3-F2C7-4ADE-9614-E3A83A238CDC}.Release|Any CPU.ActiveCfg = Release|Any CPU
		{451098F3-F2C7-4ADE-9614-E3A83A238CDC}.Release|Any CPU.Build.0 = Release|Any CPU
		{A8A83AF1-9B3E-4069-A405-F2887499A4DF}.Debug|Any CPU.ActiveCfg = Debug|Any CPU
		{A8A83AF1-9B3E-4069-A405-F2887499A4DF}.Debug|Any CPU.Build.0 = Debug|Any CPU
		{A8A83AF1-9B3E-4069-A405-F2887499A4DF}.Release|Any CPU.ActiveCfg = Release|Any CPU
		{A8A83AF1-9B3E-4069-A405-F2887499A4DF}.Release|Any CPU.Build.0 = Release|Any CPU
	EndGlobalSection
	GlobalSection(SolutionProperties) = preSolution
		HideSolutionNode = FALSE
	EndGlobalSection
	GlobalSection(ExtensibilityGlobals) = postSolution
		SolutionGuid = {9B3958D5-F09D-4F5D-81DC-D180D25C7939}
	EndGlobalSection
EndGlobal
